
Microsoft Visual Studio Solution File, Format Version 12.00
# Visual Studio 15
Project("{FAE04EC0-301F-11D3-BF4B-00C04F79EFBC}") = "zombie.v2.Plugins", "zombie.v2.Plugins.csproj", "{C8F65224-A9CD-CFC4-63B7-94B32C0B7991}"
EndProject
Project("{FAE04EC0-301F-11D3-BF4B-00C04F79EFBC}") = "zombie.v2", "zombie.v2.csproj", "{56318623-15C9-35BE-55F7-43C326DA1408}"
EndProject
Project("{FAE04EC0-301F-11D3-BF4B-00C04F79EFBC}") = "zombie.v2.Editor.Plugins", "zombie.v2.Editor.Plugins.csproj", "{1C0D64A3-FE7A-F795-42C5-197D11526CFD}"
EndProject
Global
	GlobalSection(SolutionConfigurationPlatforms) = preSolution
		Debug|Any CPU = Debug|Any CPU
		Release|Any CPU = Release|Any CPU
	EndGlobalSection
	GlobalSection(ProjectConfigurationPlatforms) = postSolution
		{C8F65224-A9CD-CFC4-63B7-94B32C0B7991}.Debug|Any CPU.ActiveCfg = Debug|Any CPU
		{C8F65224-A9CD-CFC4-63B7-94B32C0B7991}.Debug|Any CPU.Build.0 = Debug|Any CPU
		{C8F65224-A9CD-CFC4-63B7-94B32C0B7991}.Release|Any CPU.ActiveCfg = Release|Any CPU
		{C8F65224-A9CD-CFC4-63B7-94B32C0B7991}.Release|Any CPU.Build.0 = Release|Any CPU
		{56318623-15C9-35BE-55F7-43C326DA1408}.Debug|Any CPU.ActiveCfg = Debug|Any CPU
		{56318623-15C9-35BE-55F7-43C326DA1408}.Debug|Any CPU.Build.0 = Debug|Any CPU
		{56318623-15C9-35BE-55F7-43C326DA1408}.Release|Any CPU.ActiveCfg = Release|Any CPU
		{56318623-15C9-35BE-55F7-43C326DA1408}.Release|Any CPU.Build.0 = Release|Any CPU
		{1C0D64A3-FE7A-F795-42C5-197D11526CFD}.Debug|Any CPU.ActiveCfg = Debug|Any CPU
		{1C0D64A3-FE7A-F795-42C5-197D11526CFD}.Debug|Any CPU.Build.0 = Debug|Any CPU
		{1C0D64A3-FE7A-F795-42C5-197D11526CFD}.Release|Any CPU.ActiveCfg = Release|Any CPU
		{1C0D64A3-FE7A-F795-42C5-197D11526CFD}.Release|Any CPU.Build.0 = Release|Any CPU
	EndGlobalSection
	GlobalSection(SolutionProperties) = preSolution
		HideSolutionNode = FALSE
	EndGlobalSection
EndGlobal
